PODS:
  - Flutter (1.0.0)
  - TPLMaps (3.0.4)
  - tplmapsflutterplugin (0.0.4):
    - Flutter
    - TPLMaps (= 3.0.4)

DEPENDENCIES:
  - Flutter (from `Flutter`)
  - tplmapsflutterplugin (from `.symlinks/plugins/tplmapsflutterplugin/ios`)

SPEC REPOS:
  trunk:
    - TPLMaps

EXTERNAL SOURCES:
  Flutter:
    :path: Flutter
  tplmapsflutterplugin:
    :path: ".symlinks/plugins/tplmapsflutterplugin/ios"

SPEC CHECKSUMS:
  Flutter: 50d75fe2f02b26cc09d224853bb45737f8b3214a
  TPLMaps: 878d66ed770649509fd4b93a7e19829f142e1261
  tplmapsflutterplugin: 263281f3054df5a9d6e10e067a528dbfe2016c62

PODFILE CHECKSUM: aafe91acc616949ddb318b77800a7f51bffa2a4c

COCOAPODS: 1.11.3
